
Microsoft Visual Studio Solution File, Format Version 12.00
# Visual Studio Version 16
VisualStudioVersion = 16.0.28407.52
MinimumVisualStudioVersion = 10.0.40219.1
Project("{FAE04EC0-301F-11D3-BF4B-00C04F79EFBC}") = "ClassroomManager.DbManager", "ClassroomManager.DbManager\ClassroomManager.DbManager.csproj", "{A26103A4-EA0A-4D62-AC94-0C11C6B80F2F}"
EndProject
Project("{FAE04EC0-301F-11D3-BF4B-00C04F79EFBC}") = "ClassroomManager.Services", "ClassroomManager.Services\ClassroomManager.Services.csproj", "{DD219A16-3875-4945-80F5-F345C0891D99}"
EndProject
Project("{FAE04EC0-301F-11D3-BF4B-00C04F79EFBC}") = "ClassroomManager.App", "ClassroomManager.App\ClassroomManager.App.csproj", "{73179F34-EAD8-4FB1-AFD0-56EC8077CC4A}"
EndProject
Project("{FAE04EC0-301F-11D3-BF4B-00C04F79EFBC}") = "ClassroomManager.ServiceHost", "ClassroomManager.ServiceHost\ClassroomManager.ServiceHost.csproj", "{4BE38E96-D468-4963-A846-05F74886B8DE}"
EndProject
Global
	GlobalSection(SolutionConfigurationPlatforms) = preSolution
		Debug|Any CPU = Debug|Any CPU
		Release|Any CPU = Release|Any CPU
	EndGlobalSection
	GlobalSection(ProjectConfigurationPlatforms) = postSolution
		{A26103A4-EA0A-4D62-AC94-0C11C6B80F2F}.Debug|Any CPU.ActiveCfg = Debug|Any CPU
		{A26103A4-EA0A-4D62-AC94-0C11C6B80F2F}.Debug|Any CPU.Build.0 = Debug|Any CPU
		{A26103A4-EA0A-4D62-AC94-0C11C6B80F2F}.Release|Any CPU.ActiveCfg = Release|Any CPU
		{A26103A4-EA0A-4D62-AC94-0C11C6B80F2F}.Release|Any CPU.Build.0 = Release|Any CPU
		{DD219A16-3875-4945-80F5-F345C0891D99}.Debug|Any CPU.ActiveCfg = Debug|Any CPU
		{DD219A16-3875-4945-80F5-F345C0891D99}.Debug|Any CPU.Build.0 = Debug|Any CPU
		{DD219A16-3875-4945-80F5-F345C0891D99}.Release|Any CPU.ActiveCfg = Release|Any CPU
		{DD219A16-3875-4945-80F5-F345C0891D99}.Release|Any CPU.Build.0 = Release|Any CPU
		{73179F34-EAD8-4FB1-AFD0-56EC8077CC4A}.Debug|Any CPU.ActiveCfg = Debug|Any CPU
		{73179F34-EAD8-4FB1-AFD0-56EC8077CC4A}.Debug|Any CPU.Build.0 = Debug|Any CPU
		{73179F34-EAD8-4FB1-AFD0-56EC8077CC4A}.Release|Any CPU.ActiveCfg = Release|Any CPU
		{73179F34-EAD8-4FB1-AFD0-56EC8077CC4A}.Release|Any CPU.Build.0 = Release|Any CPU
		{4BE38E96-D468-4963-A846-05F74886B8DE}.Debug|Any CPU.ActiveCfg = Debug|Any CPU
		{4BE38E96-D468-4963-A846-05F74886B8DE}.Debug|Any CPU.Build.0 = Debug|Any CPU
		{4BE38E96-D468-4963-A846-05F74886B8DE}.Release|Any CPU.ActiveCfg = Release|Any CPU
		{4BE38E96-D468-4963-A846-05F74886B8DE}.Release|Any CPU.Build.0 = Release|Any CPU
	EndGlobalSection
	GlobalSection(SolutionProperties) = preSolution
		HideSolutionNode = FALSE
	EndGlobalSection
	GlobalSection(ExtensibilityGlobals) = postSolution
		SolutionGuid = {33C338CC-252C-4085-A897-8672AF048765}
	EndGlobalSection
EndGlobal
